// !$*UTF8*$!
{
	archiveVersion = 1;
	classes = {
	};
	objectVersion = 56;
	objects = {

/* Begin PBXBuildFile section */
		28AF06217A8BFAAD12167335 /* ColliderType.swift in Sources */ = {isa = PBXBuildFile; fileRef = 28AF0213C4E307AB3C5C1B32 /* ColliderType.swift */; };
		28AF0723232831A02AE805FE /* ScoreCounterNode.swift in Sources */ = {isa = PBXBuildFile; fileRef = 28AF09FB54187A46D149E1B0 /* ScoreCounterNode.swift */; };
		28AF0A62B780C4E077F72D84 /* GameplayStates.swift in Sources */ = {isa = PBXBuildFile; fileRef = 28AF0377A23C3F3B308F67FF /* GameplayStates.swift */; };
		28AF0B1934FFC441F0C2643C /* ScoreSpriteNode.swift in Sources */ = {isa = PBXBuildFile; fileRef = 28AF08C345192FF28B15DAEC /* ScoreSpriteNode.swift */; };
		28AF0F7B5035C26387DF19D4 /* Assets.xcassets in Resources */ = {isa = PBXBuildFile; fileRef = 28AF08ED131936B43279AB93 /* Assets.xcassets */; };
		4920926029885887001AE2FE /* AppDelegate.swift in Sources */ = {isa = PBXBuildFile; fileRef = 4920925F29885887001AE2FE /* AppDelegate.swift */; };
		4920926629885887001AE2FE /* GameScene.swift in Sources */ = {isa = PBXBuildFile; fileRef = 4920926529885887001AE2FE /* GameScene.swift */; };
		4920926829885887001AE2FE /* GameViewController.swift in Sources */ = {isa = PBXBuildFile; fileRef = 4920926729885887001AE2FE /* GameViewController.swift */; };
		4920926B29885887001AE2FE /* Main.storyboard in Resources */ = {isa = PBXBuildFile; fileRef = 4920926929885887001AE2FE /* Main.storyboard */; };
		492092702988588C001AE2FE /* LaunchScreen.storyboard in Resources */ = {isa = PBXBuildFile; fileRef = 4920926E2988588C001AE2FE /* LaunchScreen.storyboard */; };
		496429F1298AEB50009B7C7D /* swoosh.wav in Resources */ = {isa = PBXBuildFile; fileRef = 496429ED298AEB50009B7C7D /* swoosh.wav */; };
		496429F2298AEB50009B7C7D /* die.wav in Resources */ = {isa = PBXBuildFile; fileRef = 496429EE298AEB50009B7C7D /* die.wav */; };
		496429F3298AEB50009B7C7D /* point.wav in Resources */ = {isa = PBXBuildFile; fileRef = 496429EF298AEB50009B7C7D /* point.wav */; };
		496429F4298AEB50009B7C7D /* wing.wav in Resources */ = {isa = PBXBuildFile; fileRef = 496429F0298AEB50009B7C7D /* wing.wav */; };
		4975C17129885D3B000104AF /* BackgroundNode.swift in Sources */ = {isa = PBXBuildFile; fileRef = 4975C17029885D3B000104AF /* BackgroundNode.swift */; };
		4975C17A2988612D000104AF /* BirdNode.swift in Sources */ = {isa = PBXBuildFile; fileRef = 4975C1792988612D000104AF /* BirdNode.swift */; };
		497AAECE2988A71600696905 /* BaseNode.swift in Sources */ = {isa = PBXBuildFile; fileRef = 497AAECD2988A71600696905 /* BaseNode.swift */; };
		497AAED02988A80C00696905 /* WelcomeNode.swift in Sources */ = {isa = PBXBuildFile; fileRef = 497AAECF2988A80C00696905 /* WelcomeNode.swift */; };
		497AAED22988A8B700696905 /* GameoverNode.swift in Sources */ = {isa = PBXBuildFile; fileRef = 497AAED12988A8B700696905 /* GameoverNode.swift */; };
		497AAED42988C00C00696905 /* PipesNode.swift in Sources */ = {isa = PBXBuildFile; fileRef = 497AAED32988C00C00696905 /* PipesNode.swift */; };
/* End PBXBuildFile section */

/* Begin PBXFileReference section */
		28AF0213C4E307AB3C5C1B32 /* ColliderType.swift */ = {isa = PBXFileReference; fileEncoding = 4; lastKnownFileType = sourcecode.swift; path = ColliderType.swift; sourceTree = "<group>"; };
		28AF0377A23C3F3B308F67FF /* GameplayStates.swift */ = {isa = PBXFileReference; fileEncoding = 4; lastKnownFileType = sourcecode.swift; path = GameplayStates.swift; sourceTree = "<group>"; };
		28AF074C7F01E33C22C2584B /* .gitignore */ = {isa = PBXFileReference; lastKnownFileType = file.gitignore; path = .gitignore; sourceTree = "<group>"; };
		28AF08C345192FF28B15DAEC /* ScoreSpriteNode.swift */ = {isa = PBXFileReference; fileEncoding = 4; lastKnownFileType = sourcecode.swift; path = ScoreSpriteNode.swift; sourceTree = "<group>"; };
		28AF08ED131936B43279AB93 /* Assets.xcassets */ = {isa = PBXFileReference; lastKnownFileType = folder.assetcatalog; path = Assets.xcassets; sourceTree = "<group>"; };
		28AF09FB54187A46D149E1B0 /* ScoreCounterNode.swift */ = {isa = PBXFileReference; fileEncoding = 4; lastKnownFileType = sourcecode.swift; path = ScoreCounterNode.swift; sourceTree = "<group>"; };
		4920925C29885887001AE2FE /* Flappy Bird.app */ = {isa = PBXFileReference; explicitFileType = wrapper.application; includeInIndex = 0; path = "Flappy Bird.app"; sourceTree = BUILT_PRODUCTS_DIR; };
		4920925F29885887001AE2FE /* AppDelegate.swift */ = {isa = PBXFileReference; lastKnownFileType = sourcecode.swift; path = AppDelegate.swift; sourceTree = "<group>"; };
		4920926529885887001AE2FE /* GameScene.swift */ = {isa = PBXFileReference; lastKnownFileType = sourcecode.swift; path = GameScene.swift; sourceTree = "<group>"; };
		4920926729885887001AE2FE /* GameViewController.swift */ = {isa = PBXFileReference; lastKnownFileType = sourcecode.swift; path = GameViewController.swift; sourceTree = "<group>"; };
		4920926A29885887001AE2FE /* Base */ = {isa = PBXFileReference; lastKnownFileType = file.storyboard; name = Base; path = Base.lproj/Main.storyboard; sourceTree = "<group>"; };
		4920926F2988588C001AE2FE /* Base */ = {isa = PBXFileReference; lastKnownFileType = file.storyboard; name = Base; path = Base.lproj/LaunchScreen.storyboard; sourceTree = "<group>"; };
		496429ED298AEB50009B7C7D /* swoosh.wav */ = {isa = PBXFileReference; lastKnownFileType = audio.wav; path = swoosh.wav; sourceTree = "<group>"; };
		496429EE298AEB50009B7C7D /* die.wav */ = {isa = PBXFileReference; lastKnownFileType = audio.wav; path = die.wav; sourceTree = "<group>"; };
		496429EF298AEB50009B7C7D /* point.wav */ = {isa = PBXFileReference; lastKnownFileType = audio.wav; path = point.wav; sourceTree = "<group>"; };
		496429F0298AEB50009B7C7D /* wing.wav */ = {isa = PBXFileReference; lastKnownFileType = audio.wav; path = wing.wav; sourceTree = "<group>"; };
		4975C17029885D3B000104AF /* BackgroundNode.swift */ = {isa = PBXFileReference; lastKnownFileType = sourcecode.swift; path = BackgroundNode.swift; sourceTree = "<group>"; };
		4975C1792988612D000104AF /* BirdNode.swift */ = {isa = PBXFileReference; lastKnownFileType = sourcecode.swift; path = BirdNode.swift; sourceTree = "<group>"; };
		497AAECD2988A71600696905 /* BaseNode.swift */ = {isa = PBXFileReference; lastKnownFileType = sourcecode.swift; path = BaseNode.swift; sourceTree = "<group>"; };
		497AAECF2988A80C00696905 /* WelcomeNode.swift */ = {isa = PBXFileReference; lastKnownFileType = sourcecode.swift; path = WelcomeNode.swift; sourceTree = "<group>"; };
		497AAED12988A8B700696905 /* GameoverNode.swift */ = {isa = PBXFileReference; lastKnownFileType = sourcecode.swift; path = GameoverNode.swift; sourceTree = "<group>"; };
		497AAED32988C00C00696905 /* PipesNode.swift */ = {isa = PBXFileReference; lastKnownFileType = sourcecode.swift; path = PipesNode.swift; sourceTree = "<group>"; };
/* End PBXFileReference section */

/* Begin PBXFrameworksBuildPhase section */
		4920925929885887001AE2FE /* Frameworks */ = {
			isa = PBXFrameworksBuildPhase;
			buildActionMask = 2147483647;
			files = (
			);
			runOnlyForDeploymentPostprocessing = 0;
		};
/* End PBXFrameworksBuildPhase section */

/* Begin PBXGroup section */
		28AF0C1BC88C297610926A20 /* Logic */ = {
			isa = PBXGroup;
			children = (
				28AF0377A23C3F3B308F67FF /* GameplayStates.swift */,
				28AF0213C4E307AB3C5C1B32 /* ColliderType.swift */,
			);
			path = Logic;
			sourceTree = "<group>";
		};
		4920925329885887001AE2FE = {
			isa = PBXGroup;
			children = (
				4920925E29885887001AE2FE /* Flappy Bird */,
				4920925D29885887001AE2FE /* Products */,
				28AF074C7F01E33C22C2584B /* .gitignore */,
			);
			sourceTree = "<group>";
		};
		4920925D29885887001AE2FE /* Products */ = {
			isa = PBXGroup;
			children = (
				4920925C29885887001AE2FE /* Flappy Bird.app */,
			);
			name = Products;
			sourceTree = "<group>";
		};
		4920925E29885887001AE2FE /* Flappy Bird */ = {
			isa = PBXGroup;
			children = (
				4920925F29885887001AE2FE /* AppDelegate.swift */,
				28AF08ED131936B43279AB93 /* Assets.xcassets */,
				4920926529885887001AE2FE /* GameScene.swift */,
				4920926729885887001AE2FE /* GameViewController.swift */,
				4920926E2988588C001AE2FE /* LaunchScreen.storyboard */,
				28AF0C1BC88C297610926A20 /* Logic */,
				4920926929885887001AE2FE /* Main.storyboard */,
				497AAECC2988A5DA00696905 /* Nodes */,
				496429EC298AEB50009B7C7D /* Sounds */,
			);
			path = "Flappy Bird";
			sourceTree = "<group>";
		};
		496429EC298AEB50009B7C7D /* Sounds */ = {
			isa = PBXGroup;
			children = (
				496429ED298AEB50009B7C7D /* swoosh.wav */,
				496429EE298AEB50009B7C7D /* die.wav */,
				496429EF298AEB50009B7C7D /* point.wav */,
				496429F0298AEB50009B7C7D /* wing.wav */,
			);
			path = Sounds;
			sourceTree = "<group>";
		};
		497AAECC2988A5DA00696905 /* Nodes */ = {
			isa = PBXGroup;
			children = (
				4975C17029885D3B000104AF /* BackgroundNode.swift */,
				497AAECD2988A71600696905 /* BaseNode.swift */,
				4975C1792988612D000104AF /* BirdNode.swift */,
				497AAED12988A8B700696905 /* GameoverNode.swift */,
				497AAECF2988A80C00696905 /* WelcomeNode.swift */,
				497AAED32988C00C00696905 /* PipesNode.swift */,
				28AF08C345192FF28B15DAEC /* ScoreSpriteNode.swift */,
				28AF09FB54187A46D149E1B0 /* ScoreCounterNode.swift */,
			);
			path = Nodes;
			sourceTree = "<group>";
		};
/* End PBXGroup section */

/* Begin PBXNativeTarget section */
		4920925B29885887001AE2FE /* Flappy Bird */ = {
			isa = PBXNativeTarget;
			buildConfigurationList = 492092732988588C001AE2FE /* Build configuration list for PBXNativeTarget "Flappy Bird" */;
			buildPhases = (
				4920925829885887001AE2FE /* Sources */,
				4920925929885887001AE2FE /* Frameworks */,
				4920925A29885887001AE2FE /* Resources */,
			);
			buildRules = (
			);
			dependencies = (
			);
			name = "Flappy Bird";
			productName = "Flappy Bird";
			productReference = 4920925C29885887001AE2FE /* Flappy Bird.app */;
			productType = "com.apple.product-type.application";
		};
/* End PBXNativeTarget section */

/* Begin PBXProject section */
		4920925429885887001AE2FE /* Project object */ = {
			isa = PBXProject;
			attributes = {
				BuildIndependentTargetsInParallel = 1;
				LastSwiftUpdateCheck = 1420;
				LastUpgradeCheck = 1420;
				TargetAttributes = {
					4920925B29885887001AE2FE = {
						CreatedOnToolsVersion = 14.2;
					};
				};
			};
			buildConfigurationList = 4920925729885887001AE2FE /* Build configuration list for PBXProject "Flappy Bird" */;
			compatibilityVersion = "Xcode 14.0";
			developmentRegion = en;
			hasScannedForEncodings = 0;
			knownRegions = (
				en,
				Base,
			);
			mainGroup = 4920925329885887001AE2FE;
			productRefGroup = 4920925D29885887001AE2FE /* Products */;
			projectDirPath = "";
			projectRoot = "";
			targets = (
				4920925B29885887001AE2FE /* Flappy Bird */,
			);
		};
/* End PBXProject section */

/* Begin PBXResourcesBuildPhase section */
		4920925A29885887001AE2FE /* Resources */ = {
			isa = PBXResourcesBuildPhase;
			buildActionMask = 2147483647;
			files = (
				4920926B29885887001AE2FE /* Main.storyboard in Resources */,
				496429F1298AEB50009B7C7D /* swoosh.wav in Resources */,
				496429F4298AEB50009B7C7D /* wing.wav in Resources */,
				492092702988588C001AE2FE /* LaunchScreen.storyboard in Resources */,
				496429F2298AEB50009B7C7D /* die.wav in Resources */,
				28AF0F7B5035C26387DF19D4 /* Assets.xcassets in Resources */,
				496429F3298AEB50009B7C7D /* point.wav in Resources */,
			);
			runOnlyForDeploymentPostprocessing = 0;
		};
/* End PBXResourcesBuildPhase section */

/* Begin PBXSourcesBuildPhase section */
		4920925829885887001AE2FE /* Sources */ = {
			isa = PBXSourcesBuildPhase;
			buildActionMask = 2147483647;
			files = (
				4920926629885887001AE2FE /* GameScene.swift in Sources */,
				4975C17129885D3B000104AF /* BackgroundNode.swift in Sources */,
				497AAED02988A80C00696905 /* WelcomeNode.swift in Sources */,
				497AAED42988C00C00696905 /* PipesNode.swift in Sources */,
				4920926829885887001AE2FE /* GameViewController.swift in Sources */,
				4920926029885887001AE2FE /* AppDelegate.swift in Sources */,
				497AAED22988A8B700696905 /* GameoverNode.swift in Sources */,
				4975C17A2988612D000104AF /* BirdNode.swift in Sources */,
				497AAECE2988A71600696905 /* BaseNode.swift in Sources */,
				28AF0B1934FFC441F0C2643C /* ScoreSpriteNode.swift in Sources */,
				28AF0A62B780C4E077F72D84 /* GameplayStates.swift in Sources */,
				28AF06217A8BFAAD12167335 /* ColliderType.swift in Sources */,
				28AF0723232831A02AE805FE /* ScoreCounterNode.swift in Sources */,
			);
			runOnlyForDeploymentPostprocessing = 0;
		};
/* End PBXSourcesBuildPhase section */

/* Begin PBXVariantGroup section */
		4920926929885887001AE2FE /* Main.storyboard */ = {
			isa = PBXVariantGroup;
			children = (
				4920926A29885887001AE2FE /* Base */,
			);
			name = Main.storyboard;
			sourceTree = "<group>";
		};
		4920926E2988588C001AE2FE /* LaunchScreen.storyboard */ = {
			isa = PBXVariantGroup;
			children = (
				4920926F2988588C001AE2FE /* Base */,
			);
			name = LaunchScreen.storyboard;
			sourceTree = "<group>";
		};
/* End PBXVariantGroup section */

/* Begin XCBuildConfiguration section */
		492092712988588C001AE2FE /* Debug */ = {
			isa = XCBuildConfiguration;
			buildSettings = {
				ALWAYS_SEARCH_USER_PATHS = NO;
				CLANG_ANALYZER_NONNULL = YES;
				CLANG_ANALYZER_NUMBER_OBJECT_CONVERSION = YES_AGGRESSIVE;
				CLANG_CXX_LANGUAGE_STANDARD = "gnu++20";
				CLANG_ENABLE_MODULES = YES;
				CLANG_ENABLE_OBJC_ARC = YES;
				CLANG_ENABLE_OBJC_WEAK = YES;
				CLANG_WARN_BLOCK_CAPTURE_AUTORELEASING = YES;
				CLANG_WARN_BOOL_CONVERSION = YES;
				CLANG_WARN_COMMA = YES;
				CLANG_WARN_CONSTANT_CONVERSION = YES;
				CLANG_WARN_DEPRECATED_OBJC_IMPLEMENTATIONS = YES;
				CLANG_WARN_DIRECT_OBJC_ISA_USAGE = YES_ERROR;
				CLANG_WARN_DOCUMENTATION_COMMENTS = YES;
				CLANG_WARN_EMPTY_BODY = YES;
				CLANG_WARN_ENUM_CONVERSION = YES;
				CLANG_WARN_INFINITE_RECURSION = YES;
				CLANG_WARN_INT_CONVERSION = YES;
				CLANG_WARN_NON_LITERAL_NULL_CONVERSION = YES;
				CLANG_WARN_OBJC_IMPLICIT_RETAIN_SELF = YES;
				CLANG_WARN_OBJC_LITERAL_CONVERSION = YES;
				CLANG_WARN_OBJC_ROOT_CLASS = YES_ERROR;
				CLANG_WARN_QUOTED_INCLUDE_IN_FRAMEWORK_HEADER = YES;
				CLANG_WARN_RANGE_LOOP_ANALYSIS = YES;
				CLANG_WARN_STRICT_PROTOTYPES = YES;
				CLANG_WARN_SUSPICIOUS_MOVE = YES;
				CLANG_WARN_UNGUARDED_AVAILABILITY = YES_AGGRESSIVE;
				CLANG_WARN_UNREACHABLE_CODE = YES;
				CLANG_WARN__DUPLICATE_METHOD_MATCH = YES;
				COPY_PHASE_STRIP = NO;
				DEBUG_INFORMATION_FORMAT = dwarf;
				ENABLE_STRICT_OBJC_MSGSEND = YES;
				ENABLE_TESTABILITY = YES;
				GCC_C_LANGUAGE_STANDARD = gnu11;
				GCC_DYNAMIC_NO_PIC = NO;
				GCC_NO_COMMON_BLOCKS = YES;
				GCC_OPTIMIZATION_LEVEL = 0;
				GCC_PREPROCESSOR_DEFINITIONS = (
					"DEBUG=1",
					"$(inherited)",
				);
				GCC_WARN_64_TO_32_BIT_CONVERSION = YES;
				GCC_WARN_ABOUT_RETURN_TYPE = YES_ERROR;
				GCC_WARN_UNDECLARED_SELECTOR = YES;
				GCC_WARN_UNINITIALIZED_AUTOS = YES_AGGRESSIVE;
				GCC_WARN_UNUSED_FUNCTION = YES;
				GCC_WARN_UNUSED_VARIABLE = YES;
				IPHONEOS_DEPLOYMENT_TARGET = 16.2;
				MTL_ENABLE_DEBUG_INFO = INCLUDE_SOURCE;
				MTL_FAST_MATH = YES;
				ONLY_ACTIVE_ARCH = YES;
				SDKROOT = iphoneos;
				SWIFT_ACTIVE_COMPILATION_CONDITIONS = DEBUG;
				SWIFT_OPTIMIZATION_LEVEL = "-Onone";
			};
			name = Debug;
		};
		492092722988588C001AE2FE /* Release */ = {
			isa = XCBuildConfiguration;
			buildSettings = {
				ALWAYS_SEARCH_USER_PATHS = NO;
				CLANG_ANALYZER_NONNULL = YES;
				CLANG_ANALYZER_NUMBER_OBJECT_CONVERSION = YES_AGGRESSIVE;
				CLANG_CXX_LANGUAGE_STANDARD = "gnu++20";
				CLANG_ENABLE_MODULES = YES;
				CLANG_ENABLE_OBJC_ARC = YES;
				CLANG_ENABLE_OBJC_WEAK = YES;
				CLANG_WARN_BLOCK_CAPTURE_AUTORELEASING = YES;
				CLANG_WARN_BOOL_CONVERSION = YES;
				CLANG_WARN_COMMA = YES;
				CLANG_WARN_CONSTANT_CONVERSION = YES;
				CLANG_WARN_DEPRECATED_OBJC_IMPLEMENTATIONS = YES;
				CLANG_WARN_DIRECT_OBJC_ISA_USAGE = YES_ERROR;
				CLANG_WARN_DOCUMENTATION_COMMENTS = YES;
				CLANG_WARN_EMPTY_BODY = YES;
				CLANG_WARN_ENUM_CONVERSION = YES;
				CLANG_WARN_INFINITE_RECURSION = YES;
				CLANG_WARN_INT_CONVERSION = YES;
				CLANG_WARN_NON_LITERAL_NULL_CONVERSION = YES;
				CLANG_WARN_OBJC_IMPLICIT_RETAIN_SELF = YES;
				CLANG_WARN_OBJC_LITERAL_CONVERSION = YES;
				CLANG_WARN_OBJC_ROOT_CLASS = YES_ERROR;
				CLANG_WARN_QUOTED_INCLUDE_IN_FRAMEWORK_HEADER = YES;
				CLANG_WARN_RANGE_LOOP_ANALYSIS = YES;
				CLANG_WARN_STRICT_PROTOTYPES = YES;
				CLANG_WARN_SUSPICIOUS_MOVE = YES;
				CLANG_WARN_UNGUARDED_AVAILABILITY = YES_AGGRESSIVE;
				CLANG_WARN_UNREACHABLE_CODE = YES;
				CLANG_WARN__DUPLICATE_METHOD_MATCH = YES;
				COPY_PHASE_STRIP = NO;
				DEBUG_INFORMATION_FORMAT = "dwarf-with-dsym";
				ENABLE_NS_ASSERTIONS = NO;
				ENABLE_STRICT_OBJC_MSGSEND = YES;
				GCC_C_LANGUAGE_STANDARD = gnu11;
				GCC_NO_COMMON_BLOCKS = YES;
				GCC_WARN_64_TO_32_BIT_CONVERSION = YES;
				GCC_WARN_ABOUT_RETURN_TYPE = YES_ERROR;
				GCC_WARN_UNDECLARED_SELECTOR = YES;
				GCC_WARN_UNINITIALIZED_AUTOS = YES_AGGRESSIVE;
				GCC_WARN_UNUSED_FUNCTION = YES;
				GCC_WARN_UNUSED_VARIABLE = YES;
				IPHONEOS_DEPLOYMENT_TARGET = 16.2;
				MTL_ENABLE_DEBUG_INFO = NO;
				MTL_FAST_MATH = YES;
				SDKROOT = iphoneos;
				SWIFT_COMPILATION_MODE = wholemodule;
				SWIFT_OPTIMIZATION_LEVEL = "-O";
				VALIDATE_PRODUCT = YES;
			};
			name = Release;
		};
		492092742988588C001AE2FE /* Debug */ = {
			isa = XCBuildConfiguration;
			buildSettings = {
				ASSETCATALOG_COMPILER_APPICON_NAME = AppIcon;
				ASSETCATALOG_COMPILER_GLOBAL_ACCENT_COLOR_NAME = AccentColor;
				CODE_SIGN_STYLE = Automatic;
				CURRENT_PROJECT_VERSION = 1;
				DEVELOPMENT_TEAM = G4PV26QJD2;
				GENERATE_INFOPLIST_FILE = YES;
				INFOPLIST_FILE = "Flappy-Bird-Info.plist";
				INFOPLIST_KEY_UIApplicationSupportsIndirectInputEvents = YES;
				INFOPLIST_KEY_UILaunchStoryboardName = LaunchScreen;
				INFOPLIST_KEY_UIMainStoryboardFile = Main;
				INFOPLIST_KEY_UIStatusBarHidden = YES;
				INFOPLIST_KEY_UISupportedInterfaceOrientations = UIInterfaceOrientationPortrait;
				INFOPLIST_KEY_UISupportedInterfaceOrientations_iPad = "UIInterfaceOrientationLandscapeLeft UIInterfaceOrientationLandscapeRight UIInterfaceOrientationPortrait UIInterfaceOrientationPortraitUpsideDown";
				LD_RUNPATH_SEARCH_PATHS = (
					"$(inherited)",
					"@executable_path/Frameworks",
				);
				MARKETING_VERSION = 1.0;
				PRODUCT_BUNDLE_IDENTIFIER = "com.gruzinov.Flappy-Bird";
				PRODUCT_NAME = "$(TARGET_NAME)";
				SUPPORTED_PLATFORMS = "iphoneos iphonesimulator";
				SUPPORTS_MACCATALYST = NO;
				SUPPORTS_MAC_DESIGNED_FOR_IPHONE_IPAD = NO;
				SWIFT_EMIT_LOC_STRINGS = YES;
				SWIFT_VERSION = 5.0;
				TARGETED_DEVICE_FAMILY = 1;
			};
			name = Debug;
		};
		492092752988588C001AE2FE /* Release */ = {
			isa = XCBuildConfiguration;
			buildSettings = {
				ASSETCATALOG_COMPILER_APPICON_NAME = AppIcon;
				ASSETCATALOG_COMPILER_GLOBAL_ACCENT_COLOR_NAME = AccentColor;
				CODE_SIGN_STYLE = Automatic;
				CURRENT_PROJECT_VERSION = 1;
				DEVELOPMENT_TEAM = G4PV26QJD2;
				GENERATE_INFOPLIST_FILE = YES;
				INFOPLIST_FILE = "Flappy-Bird-Info.plist";
				INFOPLIST_KEY_UIApplicationSupportsIndirectInputEvents = YES;
				INFOPLIST_KEY_UILaunchStoryboardName = LaunchScreen;
				INFOPLIST_KEY_UIMainStoryboardFile = Main;
				INFOPLIST_KEY_UIStatusBarHidden = YES;
				INFOPLIST_KEY_UISupportedInterfaceOrientations = UIInterfaceOrientationPortrait;
				INFOPLIST_KEY_UISupportedInterfaceOrientations_iPad = "UIInterfaceOrientationLandscapeLeft UIInterfaceOrientationLandscapeRight UIInterfaceOrientationPortrait UIInterfaceOrientationPortraitUpsideDown";
				LD_RUNPATH_SEARCH_PATHS = (
					"$(inherited)",
					"@executable_path/Frameworks",
				);
				MARKETING_VERSION = 1.0;
				PRODUCT_BUNDLE_IDENTIFIER = "com.gruzinov.Flappy-Bird";
				PRODUCT_NAME = "$(TARGET_NAME)";
				SUPPORTED_PLATFORMS = "iphoneos iphonesimulator";
				SUPPORTS_MACCATALYST = NO;
				SUPPORTS_MAC_DESIGNED_FOR_IPHONE_IPAD = NO;
				SWIFT_EMIT_LOC_STRINGS = YES;
				SWIFT_VERSION = 5.0;
				TARGETED_DEVICE_FAMILY = 1;
			};
			name = Release;
		};
/* End XCBuildConfiguration section */

/* Begin XCConfigurationList section */
		4920925729885887001AE2FE /* Build configuration list for PBXProject "Flappy Bird" */ = {
			isa = XCConfigurationList;
			buildConfigurations = (
				492092712988588C001AE2FE /* Debug */,
				492092722988588C001AE2FE /* Release */,
			);
			defaultConfigurationIsVisible = 0;
			defaultConfigurationName = Release;
		};
		492092732988588C001AE2FE /* Build configuration list for PBXNativeTarget "Flappy Bird" */ = {
			isa = XCConfigurationList;
			buildConfigurations = (
				492092742988588C001AE2FE /* Debug */,
				492092752988588C001AE2FE /* Release */,
			);
			defaultConfigurationIsVisible = 0;
			defaultConfigurationName = Release;
		};
/* End XCConfigurationList section */
	};
	rootObject = 4920925429885887001AE2FE /* Project object */;
}
